
Microsoft Visual Studio Solution File, Format Version 12.00
# Visual Studio Version 17
VisualStudioVersion = 17.2.32602.215
MinimumVisualStudioVersion = 10.0.40219.1
Project("{9A19103F-16F7-4668-BE54-9A1E7A4F7556}") = "TaskManagement.Host.Api", "TaskManagement.Host.Api\TaskManagement.Host.Api.csproj", "{AB40BDC9-A791-4D5B-A8E6-F79206B3325E}"
EndProject
Project("{9A19103F-16F7-4668-BE54-9A1E7A4F7556}") = "TaskManagement.Services.Contract", "TaskManagement.Services.Contract\TaskManagement.Services.Contract.csproj", "{7CC1F06E-C654-42D9-B787-073891CC61C4}"
EndProject
Project("{9A19103F-16F7-4668-BE54-9A1E7A4F7556}") = "TaskManagement.Entities", "TaskManagement.Entities\TaskManagement.Entities.csproj", "{A99FC09F-C581-4577-90C9-92C564CF2A4C}"
EndProject
Project("{9A19103F-16F7-4668-BE54-9A1E7A4F7556}") = "TaskManagement.Services.Mongo", "TaskManagement.Services.Mongo\TaskManagement.Services.Mongo.csproj", "{B217FB5A-9160-49DB-8A60-C11600CC8B80}"
EndProject
Project("{9A19103F-16F7-4668-BE54-9A1E7A4F7556}") = "TaskManagement.Services.EF", "TaskManagement.Services.EF\TaskManagement.Services.EF.csproj", "{2AF78673-F6DD-46FD-AC98-B2BFDB7E8069}"
EndProject
Project("{9A19103F-16F7-4668-BE54-9A1E7A4F7556}") = "TaskManagement.Notifier", "TaskManagement.Notifier\TaskManagement.Notifier.csproj", "{BA39DEDD-233D-4670-AE32-C45020CCBE51}"
EndProject
Project("{9A19103F-16F7-4668-BE54-9A1E7A4F7556}") = "TaskManagement.Scheduler", "TaskManagement.Scheduler\TaskManagement.Scheduler.csproj", "{C33FA69E-DC03-46B0-ABBB-75FA97916458}"
EndProject
Project("{FAE04EC0-301F-11D3-BF4B-00C04F79EFBC}") = "TaskManagement.Business", "TaskManagement.Business\TaskManagement.Business.csproj", "{0AF600BB-D548-4173-A711-82B5A829B812}"
EndProject
Global
	GlobalSection(SolutionConfigurationPlatforms) = preSolution
		Debug|Any CPU = Debug|Any CPU
		Release|Any CPU = Release|Any CPU
	EndGlobalSection
	GlobalSection(ProjectConfigurationPlatforms) = postSolution
		{AB40BDC9-A791-4D5B-A8E6-F79206B3325E}.Debug|Any CPU.ActiveCfg = Debug|Any CPU
		{AB40BDC9-A791-4D5B-A8E6-F79206B3325E}.Debug|Any CPU.Build.0 = Debug|Any CPU
		{AB40BDC9-A791-4D5B-A8E6-F79206B3325E}.Release|Any CPU.ActiveCfg = Release|Any CPU
		{AB40BDC9-A791-4D5B-A8E6-F79206B3325E}.Release|Any CPU.Build.0 = Release|Any CPU
		{7CC1F06E-C654-42D9-B787-073891CC61C4}.Debug|Any CPU.ActiveCfg = Debug|Any CPU
		{7CC1F06E-C654-42D9-B787-073891CC61C4}.Debug|Any CPU.Build.0 = Debug|Any CPU
		{7CC1F06E-C654-42D9-B787-073891CC61C4}.Release|Any CPU.ActiveCfg = Release|Any CPU
		{7CC1F06E-C654-42D9-B787-073891CC61C4}.Release|Any CPU.Build.0 = Release|Any CPU
		{A99FC09F-C581-4577-90C9-92C564CF2A4C}.Debug|Any CPU.ActiveCfg = Debug|Any CPU
		{A99FC09F-C581-4577-90C9-92C564CF2A4C}.Debug|Any CPU.Build.0 = Debug|Any CPU
		{A99FC09F-C581-4577-90C9-92C564CF2A4C}.Release|Any CPU.ActiveCfg = Release|Any CPU
		{A99FC09F-C581-4577-90C9-92C564CF2A4C}.Release|Any CPU.Build.0 = Release|Any CPU
		{B217FB5A-9160-49DB-8A60-C11600CC8B80}.Debug|Any CPU.ActiveCfg = Debug|Any CPU
		{B217FB5A-9160-49DB-8A60-C11600CC8B80}.Debug|Any CPU.Build.0 = Debug|Any CPU
		{B217FB5A-9160-49DB-8A60-C11600CC8B80}.Release|Any CPU.ActiveCfg = Release|Any CPU
		{B217FB5A-9160-49DB-8A60-C11600CC8B80}.Release|Any CPU.Build.0 = Release|Any CPU
		{2AF78673-F6DD-46FD-AC98-B2BFDB7E8069}.Debug|Any CPU.ActiveCfg = Debug|Any CPU
		{2AF78673-F6DD-46FD-AC98-B2BFDB7E8069}.Debug|Any CPU.Build.0 = Debug|Any CPU
		{2AF78673-F6DD-46FD-AC98-B2BFDB7E8069}.Release|Any CPU.ActiveCfg = Release|Any CPU
		{2AF78673-F6DD-46FD-AC98-B2BFDB7E8069}.Release|Any CPU.Build.0 = Release|Any CPU
		{BA39DEDD-233D-4670-AE32-C45020CCBE51}.Debug|Any CPU.ActiveCfg = Debug|Any CPU
		{BA39DEDD-233D-4670-AE32-C45020CCBE51}.Debug|Any CPU.Build.0 = Debug|Any CPU
		{BA39DEDD-233D-4670-AE32-C45020CCBE51}.Release|Any CPU.ActiveCfg = Release|Any CPU
		{BA39DEDD-233D-4670-AE32-C45020CCBE51}.Release|Any CPU.Build.0 = Release|Any CPU
		{C33FA69E-DC03-46B0-ABBB-75FA97916458}.Debug|Any CPU.ActiveCfg = Debug|Any CPU
		{C33FA69E-DC03-46B0-ABBB-75FA97916458}.Debug|Any CPU.Build.0 = Debug|Any CPU
		{C33FA69E-DC03-46B0-ABBB-75FA97916458}.Release|Any CPU.ActiveCfg = Release|Any CPU
		{C33FA69E-DC03-46B0-ABBB-75FA97916458}.Release|Any CPU.Build.0 = Release|Any CPU
		{0AF600BB-D548-4173-A711-82B5A829B812}.Debug|Any CPU.ActiveCfg = Debug|Any CPU
		{0AF600BB-D548-4173-A711-82B5A829B812}.Debug|Any CPU.Build.0 = Debug|Any CPU
		{0AF600BB-D548-4173-A711-82B5A829B812}.Release|Any CPU.ActiveCfg = Release|Any CPU
		{0AF600BB-D548-4173-A711-82B5A829B812}.Release|Any CPU.Build.0 = Release|Any CPU
	EndGlobalSection
	GlobalSection(SolutionProperties) = preSolution
		HideSolutionNode = FALSE
	EndGlobalSection
	GlobalSection(ExtensibilityGlobals) = postSolution
		SolutionGuid = {0BEC5E5E-9A31-42DA-98B4-FD34B36BAC06}
	EndGlobalSection
EndGlobal
