
Microsoft Visual Studio Solution File, Format Version 12.00
# Visual Studio Version 17
VisualStudioVersion = 17.1.32421.90
MinimumVisualStudioVersion = 10.0.40219.1
Project("{FAE04EC0-301F-11D3-BF4B-00C04F79EFBC}") = "TaskManagement.Host.Api", "TaskManagement.HOST.API\TaskManagement.Host.Api.csproj", "{DE448943-35CA-440C-9757-F9632FC4098D}"
EndProject
Project("{FAE04EC0-301F-11D3-BF4B-00C04F79EFBC}") = "TaskManagement.Business", "TaskManagement.Business\TaskManagement.Business.csproj", "{6BEE9BDA-615A-405D-9949-AB1BD9AE892D}"
EndProject
Project("{FAE04EC0-301F-11D3-BF4B-00C04F79EFBC}") = "TaskManagement.Services.Contract", "TaskManagement.Services.Contract\TaskManagement.Services.Contract.csproj", "{71AE5BCD-D1BC-4424-9BBB-07F0160CD35B}"
EndProject
Project("{FAE04EC0-301F-11D3-BF4B-00C04F79EFBC}") = "TaskManagement.Scheduler", "TaskManagement.Scheduler\TaskManagement.Scheduler.csproj", "{BFF72FCA-D62E-4AE9-AF81-2D64CB6A2438}"
EndProject
Project("{FAE04EC0-301F-11D3-BF4B-00C04F79EFBC}") = "TaskManagement.Services.EF", "TaskManagement.Services.EF\TaskManagement.Services.EF.csproj", "{45D56755-AA97-4371-8CA7-23EDFFEA524E}"
EndProject
Project("{FAE04EC0-301F-11D3-BF4B-00C04F79EFBC}") = "TaskManagement.Services.Mongo", "TaskManagement.Services.Mongo\TaskManagement.Services.Mongo.csproj", "{6B8C855C-9CEE-45D3-BF4B-335E4EE24CEB}"
EndProject
Global
	GlobalSection(SolutionConfigurationPlatforms) = preSolution
		Debug|Any CPU = Debug|Any CPU
		Release|Any CPU = Release|Any CPU
	EndGlobalSection
	GlobalSection(ProjectConfigurationPlatforms) = postSolution
		{DE448943-35CA-440C-9757-F9632FC4098D}.Debug|Any CPU.ActiveCfg = Debug|Any CPU
		{DE448943-35CA-440C-9757-F9632FC4098D}.Debug|Any CPU.Build.0 = Debug|Any CPU
		{DE448943-35CA-440C-9757-F9632FC4098D}.Release|Any CPU.ActiveCfg = Release|Any CPU
		{DE448943-35CA-440C-9757-F9632FC4098D}.Release|Any CPU.Build.0 = Release|Any CPU
		{6BEE9BDA-615A-405D-9949-AB1BD9AE892D}.Debug|Any CPU.ActiveCfg = Debug|Any CPU
		{6BEE9BDA-615A-405D-9949-AB1BD9AE892D}.Debug|Any CPU.Build.0 = Debug|Any CPU
		{6BEE9BDA-615A-405D-9949-AB1BD9AE892D}.Release|Any CPU.ActiveCfg = Release|Any CPU
		{6BEE9BDA-615A-405D-9949-AB1BD9AE892D}.Release|Any CPU.Build.0 = Release|Any CPU
		{71AE5BCD-D1BC-4424-9BBB-07F0160CD35B}.Debug|Any CPU.ActiveCfg = Debug|Any CPU
		{71AE5BCD-D1BC-4424-9BBB-07F0160CD35B}.Debug|Any CPU.Build.0 = Debug|Any CPU
		{71AE5BCD-D1BC-4424-9BBB-07F0160CD35B}.Release|Any CPU.ActiveCfg = Release|Any CPU
		{71AE5BCD-D1BC-4424-9BBB-07F0160CD35B}.Release|Any CPU.Build.0 = Release|Any CPU
		{BFF72FCA-D62E-4AE9-AF81-2D64CB6A2438}.Debug|Any CPU.ActiveCfg = Debug|Any CPU
		{BFF72FCA-D62E-4AE9-AF81-2D64CB6A2438}.Debug|Any CPU.Build.0 = Debug|Any CPU
		{BFF72FCA-D62E-4AE9-AF81-2D64CB6A2438}.Release|Any CPU.ActiveCfg = Release|Any CPU
		{BFF72FCA-D62E-4AE9-AF81-2D64CB6A2438}.Release|Any CPU.Build.0 = Release|Any CPU
		{45D56755-AA97-4371-8CA7-23EDFFEA524E}.Debug|Any CPU.ActiveCfg = Debug|Any CPU
		{45D56755-AA97-4371-8CA7-23EDFFEA524E}.Debug|Any CPU.Build.0 = Debug|Any CPU
		{45D56755-AA97-4371-8CA7-23EDFFEA524E}.Release|Any CPU.ActiveCfg = Release|Any CPU
		{45D56755-AA97-4371-8CA7-23EDFFEA524E}.Release|Any CPU.Build.0 = Release|Any CPU
		{6B8C855C-9CEE-45D3-BF4B-335E4EE24CEB}.Debug|Any CPU.ActiveCfg = Debug|Any CPU
		{6B8C855C-9CEE-45D3-BF4B-335E4EE24CEB}.Debug|Any CPU.Build.0 = Debug|Any CPU
		{6B8C855C-9CEE-45D3-BF4B-335E4EE24CEB}.Release|Any CPU.ActiveCfg = Release|Any CPU
		{6B8C855C-9CEE-45D3-BF4B-335E4EE24CEB}.Release|Any CPU.Build.0 = Release|Any CPU
	EndGlobalSection
	GlobalSection(SolutionProperties) = preSolution
		HideSolutionNode = FALSE
	EndGlobalSection
	GlobalSection(ExtensibilityGlobals) = postSolution
		SolutionGuid = {0439AD41-E924-4A52-8345-039492267517}
	EndGlobalSection
EndGlobal
